
Microsoft Visual Studio Solution File, Format Version 12.00
# Visual Studio Version 16
VisualStudioVersion = 16.0.30621.155
MinimumVisualStudioVersion = 10.0.40219.1
Project("{FAE04EC0-301F-11D3-BF4B-00C04F79EFBC}") = "kimonoちゃんコメビュ", "kimonoちゃんコメビュ.csproj", "{EBB5D1A7-DD15-420A-9D26-7BB51B1AED74}"
EndProject
Global
	GlobalSection(SolutionConfigurationPlatforms) = preSolution
		Debug|Any CPU = Debug|Any CPU
		Release|Any CPU = Release|Any CPU
	EndGlobalSection
	GlobalSection(ProjectConfigurationPlatforms) = postSolution
		{EBB5D1A7-DD15-420A-9D26-7BB51B1AED74}.Debug|Any CPU.ActiveCfg = Debug|Any CPU
		{EBB5D1A7-DD15-420A-9D26-7BB51B1AED74}.Debug|Any CPU.Build.0 = Debug|Any CPU
		{EBB5D1A7-DD15-420A-9D26-7BB51B1AED74}.Release|Any CPU.ActiveCfg = Release|Any CPU
		{EBB5D1A7-DD15-420A-9D26-7BB51B1AED74}.Release|Any CPU.Build.0 = Release|Any CPU
	EndGlobalSection
	GlobalSection(SolutionProperties) = preSolution
		HideSolutionNode = FALSE
	EndGlobalSection
	GlobalSection(ExtensibilityGlobals) = postSolution
		SolutionGuid = {8DBD552B-EACC-410C-AC10-534473911315}
	EndGlobalSection
EndGlobal
